
Microsoft Visual Studio Solution File, Format Version 12.00
# Visual Studio 15
VisualStudioVersion = 15.0.28010.2036
MinimumVisualStudioVersion = 10.0.40219.1
Project("{FAE04EC0-301F-11D3-BF4B-00C04F79EFBC}") = "ZodiacSigns.Android", "ZodiacSigns\ZodiacSigns.Android\ZodiacSigns.Android.csproj", "{602E1B46-A708-4919-951A-C28DA1E3DE56}"
EndProject
Project("{FAE04EC0-301F-11D3-BF4B-00C04F79EFBC}") = "ZodiacSigns.iOS", "ZodiacSigns\ZodiacSigns.iOS\ZodiacSigns.iOS.csproj", "{9B0EBACD-59E1-424F-96AA-A9BB3DEFDE8C}"
EndProject
Project("{FAE04EC0-301F-11D3-BF4B-00C04F79EFBC}") = "ZodiacSigns.UWP", "ZodiacSigns\ZodiacSigns.UWP\ZodiacSigns.UWP.csproj", "{F24F0C46-7F73-4E63-8264-90A98A530EAC}"
EndProject
Project("{D954291E-2A0B-460D-934E-DC6B0785DB48}") = "ZodiacSigns", "ZodiacSigns\ZodiacSigns\ZodiacSigns.shproj", "{CC46C25C-DC58-4656-B164-235544687397}"
EndProject
Global
	GlobalSection(SharedMSBuildProjectFiles) = preSolution
		ZodiacSigns\ZodiacSigns\ZodiacSigns.projitems*{602e1b46-a708-4919-951a-c28da1e3de56}*SharedItemsImports = 4
		ZodiacSigns\ZodiacSigns\ZodiacSigns.projitems*{9b0ebacd-59e1-424f-96aa-a9bb3defde8c}*SharedItemsImports = 4
		ZodiacSigns\ZodiacSigns\ZodiacSigns.projitems*{cc46c25c-dc58-4656-b164-235544687397}*SharedItemsImports = 13
		ZodiacSigns\ZodiacSigns\ZodiacSigns.projitems*{f24f0c46-7f73-4e63-8264-90a98a530eac}*SharedItemsImports = 4
	EndGlobalSection
	GlobalSection(SolutionConfigurationPlatforms) = preSolution
		Ad-Hoc|Any CPU = Ad-Hoc|Any CPU
		Ad-Hoc|ARM = Ad-Hoc|ARM
		Ad-Hoc|iPhone = Ad-Hoc|iPhone
		Ad-Hoc|iPhoneSimulator = Ad-Hoc|iPhoneSimulator
		Ad-Hoc|x64 = Ad-Hoc|x64
		Ad-Hoc|x86 = Ad-Hoc|x86
		AppStore|Any CPU = AppStore|Any CPU
		AppStore|ARM = AppStore|ARM
		AppStore|iPhone = AppStore|iPhone
		AppStore|iPhoneSimulator = AppStore|iPhoneSimulator
		AppStore|x64 = AppStore|x64
		AppStore|x86 = AppStore|x86
		Debug|Any CPU = Debug|Any CPU
		Debug|ARM = Debug|ARM
		Debug|iPhone = Debug|iPhone
		Debug|iPhoneSimulator = Debug|iPhoneSimulator
		Debug|x64 = Debug|x64
		Debug|x86 = Debug|x86
		Release|Any CPU = Release|Any CPU
		Release|ARM = Release|ARM
		Release|iPhone = Release|iPhone
		Release|iPhoneSimulator = Release|iPhoneSimulator
		Release|x64 = Release|x64
		Release|x86 = Release|x86
	EndGlobalSection
	GlobalSection(ProjectConfigurationPlatforms) = postSolution
		{602E1B46-A708-4919-951A-C28DA1E3DE56}.Ad-Hoc|Any CPU.ActiveCfg = Release|Any CPU
		{602E1B46-A708-4919-951A-C28DA1E3DE56}.Ad-Hoc|Any CPU.Build.0 = Release|Any CPU
		{602E1B46-A708-4919-951A-C28DA1E3DE56}.Ad-Hoc|Any CPU.Deploy.0 = Release|Any CPU
		{602E1B46-A708-4919-951A-C28DA1E3DE56}.Ad-Hoc|ARM.ActiveCfg = Release|Any CPU
		{602E1B46-A708-4919-951A-C28DA1E3DE56}.Ad-Hoc|ARM.Build.0 = Release|Any CPU
		{602E1B46-A708-4919-951A-C28DA1E3DE56}.Ad-Hoc|ARM.Deploy.0 = Release|Any CPU
		{602E1B46-A708-4919-951A-C28DA1E3DE56}.Ad-Hoc|iPhone.ActiveCfg = Release|Any CPU
		{602E1B46-A708-4919-951A-C28DA1E3DE56}.Ad-Hoc|iPhone.Build.0 = Release|Any CPU
		{602E1B46-A708-4919-951A-C28DA1E3DE56}.Ad-Hoc|iPhone.Deploy.0 = Release|Any CPU
		{602E1B46-A708-4919-951A-C28DA1E3DE56}.Ad-Hoc|iPhoneSimulator.ActiveCfg = Release|Any CPU
		{602E1B46-A708-4919-951A-C28DA1E3DE56}.Ad-Hoc|iPhoneSimulator.Build.0 = Release|Any CPU
		{602E1B46-A708-4919-951A-C28DA1E3DE56}.Ad-Hoc|iPhoneSimulator.Deploy.0 = Release|Any CPU
		{602E1B46-A708-4919-951A-C28DA1E3DE56}.Ad-Hoc|x64.ActiveCfg = Release|Any CPU
		{602E1B46-A708-4919-951A-C28DA1E3DE56}.Ad-Hoc|x64.Build.0 = Release|Any CPU
		{602E1B46-A708-4919-951A-C28DA1E3DE56}.Ad-Hoc|x64.Deploy.0 = Release|Any CPU
		{602E1B46-A708-4919-951A-C28DA1E3DE56}.Ad-Hoc|x86.ActiveCfg = Release|Any CPU
		{602E1B46-A708-4919-951A-C28DA1E3DE56}.Ad-Hoc|x86.Build.0 = Release|Any CPU
		{602E1B46-A708-4919-951A-C28DA1E3DE56}.Ad-Hoc|x86.Deploy.0 = Release|Any CPU
		{602E1B46-A708-4919-951A-C28DA1E3DE56}.AppStore|Any CPU.ActiveCfg = Release|Any CPU
		{602E1B46-A708-4919-951A-C28DA1E3DE56}.AppStore|Any CPU.Build.0 = Release|Any CPU
		{602E1B46-A708-4919-951A-C28DA1E3DE56}.AppStore|Any CPU.Deploy.0 = Release|Any CPU
		{602E1B46-A708-4919-951A-C28DA1E3DE56}.AppStore|ARM.ActiveCfg = Release|Any CPU
		{602E1B46-A708-4919-951A-C28DA1E3DE56}.AppStore|ARM.Build.0 = Release|Any CPU
		{602E1B46-A708-4919-951A-C28DA1E3DE56}.AppStore|ARM.Deploy.0 = Release|Any CPU
		{602E1B46-A708-4919-951A-C28DA1E3DE56}.AppStore|iPhone.ActiveCfg = Release|Any CPU
		{602E1B46-A708-4919-951A-C28DA1E3DE56}.AppStore|iPhone.Build.0 = Release|Any CPU
		{602E1B46-A708-4919-951A-C28DA1E3DE56}.AppStore|iPhone.Deploy.0 = Release|Any CPU
		{602E1B46-A708-4919-951A-C28DA1E3DE56}.AppStore|iPhoneSimulator.ActiveCfg = Release|Any CPU
		{602E1B46-A708-4919-951A-C28DA1E3DE56}.AppStore|iPhoneSimulator.Build.0 = Release|Any CPU
		{602E1B46-A708-4919-951A-C28DA1E3DE56}.AppStore|iPhoneSimulator.Deploy.0 = Release|Any CPU
		{602E1B46-A708-4919-951A-C28DA1E3DE56}.AppStore|x64.ActiveCfg = Release|Any CPU
		{602E1B46-A708-4919-951A-C28DA1E3DE56}.AppStore|x64.Build.0 = Release|Any CPU
		{602E1B46-A708-4919-951A-C28DA1E3DE56}.AppStore|x64.Deploy.0 = Release|Any CPU
		{602E1B46-A708-4919-951A-C28DA1E3DE56}.AppStore|x86.ActiveCfg = Release|Any CPU
		{602E1B46-A708-4919-951A-C28DA1E3DE56}.AppStore|x86.Build.0 = Release|Any CPU
		{602E1B46-A708-4919-951A-C28DA1E3DE56}.AppStore|x86.Deploy.0 = Release|Any CPU
		{602E1B46-A708-4919-951A-C28DA1E3DE56}.Debug|Any CPU.ActiveCfg = Debug|Any CPU
		{602E1B46-A708-4919-951A-C28DA1E3DE56}.Debug|Any CPU.Build.0 = Debug|Any CPU
		{602E1B46-A708-4919-951A-C28DA1E3DE56}.Debug|Any CPU.Deploy.0 = Debug|Any CPU
		{602E1B46-A708-4919-951A-C28DA1E3DE56}.Debug|ARM.ActiveCfg = Debug|Any CPU
		{602E1B46-A708-4919-951A-C28DA1E3DE56}.Debug|ARM.Build.0 = Debug|Any CPU
		{602E1B46-A708-4919-951A-C28DA1E3DE56}.Debug|ARM.Deploy.0 = Debug|Any CPU
		{602E1B46-A708-4919-951A-C28DA1E3DE56}.Debug|iPhone.ActiveCfg = Debug|Any CPU
		{602E1B46-A708-4919-951A-C28DA1E3DE56}.Debug|iPhone.Build.0 = Debug|Any CPU
		{602E1B46-A708-4919-951A-C28DA1E3DE56}.Debug|iPhone.Deploy.0 = Debug|Any CPU
		{602E1B46-A708-4919-951A-C28DA1E3DE56}.Debug|iPhoneSimulator.ActiveCfg = Debug|Any CPU
		{602E1B46-A708-4919-951A-C28DA1E3DE56}.Debug|iPhoneSimulator.Build.0 = Debug|Any CPU
		{602E1B46-A708-4919-951A-C28DA1E3DE56}.Debug|iPhoneSimulator.Deploy.0 = Debug|Any CPU
		{602E1B46-A708-4919-951A-C28DA1E3DE56}.Debug|x64.ActiveCfg = Debug|Any CPU
		{602E1B46-A708-4919-951A-C28DA1E3DE56}.Debug|x64.Build.0 = Debug|Any CPU
		{602E1B46-A708-4919-951A-C28DA1E3DE56}.Debug|x64.Deploy.0 = Debug|Any CPU
		{602E1B46-A708-4919-951A-C28DA1E3DE56}.Debug|x86.ActiveCfg = Debug|Any CPU
		{602E1B46-A708-4919-951A-C28DA1E3DE56}.Debug|x86.Build.0 = Debug|Any CPU
		{602E1B46-A708-4919-951A-C28DA1E3DE56}.Debug|x86.Deploy.0 = Debug|Any CPU
		{602E1B46-A708-4919-951A-C28DA1E3DE56}.Release|Any CPU.ActiveCfg = Release|Any CPU
		{602E1B46-A708-4919-951A-C28DA1E3DE56}.Release|Any CPU.Build.0 = Release|Any CPU
		{602E1B46-A708-4919-951A-C28DA1E3DE56}.Release|Any CPU.Deploy.0 = Release|Any CPU
		{602E1B46-A708-4919-951A-C28DA1E3DE56}.Release|ARM.ActiveCfg = Release|Any CPU
		{602E1B46-A708-4919-951A-C28DA1E3DE56}.Release|ARM.Build.0 = Release|Any CPU
		{602E1B46-A708-4919-951A-C28DA1E3DE56}.Release|ARM.Deploy.0 = Release|Any CPU
		{602E1B46-A708-4919-951A-C28DA1E3DE56}.Release|iPhone.ActiveCfg = Release|Any CPU
		{602E1B46-A708-4919-951A-C28DA1E3DE56}.Release|iPhone.Build.0 = Release|Any CPU
		{602E1B46-A708-4919-951A-C28DA1E3DE56}.Release|iPhone.Deploy.0 = Release|Any CPU
		{602E1B46-A708-4919-951A-C28DA1E3DE56}.Release|iPhoneSimulator.ActiveCfg = Release|Any CPU
		{602E1B46-A708-4919-951A-C28DA1E3DE56}.Release|iPhoneSimulator.Build.0 = Release|Any CPU
		{602E1B46-A708-4919-951A-C28DA1E3DE56}.Release|iPhoneSimulator.Deploy.0 = Release|Any CPU
		{602E1B46-A708-4919-951A-C28DA1E3DE56}.Release|x64.ActiveCfg = Release|Any CPU
		{602E1B46-A708-4919-951A-C28DA1E3DE56}.Release|x64.Build.0 = Release|Any CPU
		{602E1B46-A708-4919-951A-C28DA1E3DE56}.Release|x64.Deploy.0 = Release|Any CPU
		{602E1B46-A708-4919-951A-C28DA1E3DE56}.Release|x86.ActiveCfg = Release|Any CPU
		{602E1B46-A708-4919-951A-C28DA1E3DE56}.Release|x86.Build.0 = Release|Any CPU
		{602E1B46-A708-4919-951A-C28DA1E3DE56}.Release|x86.Deploy.0 = Release|Any CPU
		{9B0EBACD-59E1-424F-96AA-A9BB3DEFDE8C}.Ad-Hoc|Any CPU.ActiveCfg = Ad-Hoc|iPhone
		{9B0EBACD-59E1-424F-96AA-A9BB3DEFDE8C}.Ad-Hoc|Any CPU.Build.0 = Ad-Hoc|iPhone
		{9B0EBACD-59E1-424F-96AA-A9BB3DEFDE8C}.Ad-Hoc|Any CPU.Deploy.0 = Ad-Hoc|iPhone
		{9B0EBACD-59E1-424F-96AA-A9BB3DEFDE8C}.Ad-Hoc|ARM.ActiveCfg = Ad-Hoc|iPhone
		{9B0EBACD-59E1-424F-96AA-A9BB3DEFDE8C}.Ad-Hoc|ARM.Build.0 = Ad-Hoc|iPhone
		{9B0EBACD-59E1-424F-96AA-A9BB3DEFDE8C}.Ad-Hoc|ARM.Deploy.0 = Ad-Hoc|iPhone
		{9B0EBACD-59E1-424F-96AA-A9BB3DEFDE8C}.Ad-Hoc|iPhone.ActiveCfg = Ad-Hoc|iPhone
		{9B0EBACD-59E1-424F-96AA-A9BB3DEFDE8C}.Ad-Hoc|iPhone.Build.0 = Ad-Hoc|iPhone
		{9B0EBACD-59E1-424F-96AA-A9BB3DEFDE8C}.Ad-Hoc|iPhone.Deploy.0 = Ad-Hoc|iPhone
		{9B0EBACD-59E1-424F-96AA-A9BB3DEFDE8C}.Ad-Hoc|iPhoneSimulator.ActiveCfg = Ad-Hoc|iPhoneSimulator
		{9B0EBACD-59E1-424F-96AA-A9BB3DEFDE8C}.Ad-Hoc|iPhoneSimulator.Build.0 = Ad-Hoc|iPhoneSimulator
		{9B0EBACD-59E1-424F-96AA-A9BB3DEFDE8C}.Ad-Hoc|iPhoneSimulator.Deploy.0 = Ad-Hoc|iPhoneSimulator
		{9B0EBACD-59E1-424F-96AA-A9BB3DEFDE8C}.Ad-Hoc|x64.ActiveCfg = Ad-Hoc|iPhone
		{9B0EBACD-59E1-424F-96AA-A9BB3DEFDE8C}.Ad-Hoc|x64.Build.0 = Ad-Hoc|iPhone
		{9B0EBACD-59E1-424F-96AA-A9BB3DEFDE8C}.Ad-Hoc|x64.Deploy.0 = Ad-Hoc|iPhone
		{9B0EBACD-59E1-424F-96AA-A9BB3DEFDE8C}.Ad-Hoc|x86.ActiveCfg = Ad-Hoc|iPhone
		{9B0EBACD-59E1-424F-96AA-A9BB3DEFDE8C}.Ad-Hoc|x86.Build.0 = Ad-Hoc|iPhone
		{9B0EBACD-59E1-424F-96AA-A9BB3DEFDE8C}.Ad-Hoc|x86.Deploy.0 = Ad-Hoc|iPhone
		{9B0EBACD-59E1-424F-96AA-A9BB3DEFDE8C}.AppStore|Any CPU.ActiveCfg = AppStore|iPhone
		{9B0EBACD-59E1-424F-96AA-A9BB3DEFDE8C}.AppStore|Any CPU.Build.0 = AppStore|iPhone
		{9B0EBACD-59E1-424F-96AA-A9BB3DEFDE8C}.AppStore|Any CPU.Deploy.0 = AppStore|iPhone
		{9B0EBACD-59E1-424F-96AA-A9BB3DEFDE8C}.AppStore|ARM.ActiveCfg = AppStore|iPhone
		{9B0EBACD-59E1-424F-96AA-A9BB3DEFDE8C}.AppStore|ARM.Build.0 = AppStore|iPhone
		{9B0EBACD-59E1-424F-96AA-A9BB3DEFDE8C}.AppStore|ARM.Deploy.0 = AppStore|iPhone
		{9B0EBACD-59E1-424F-96AA-A9BB3DEFDE8C}.AppStore|iPhone.ActiveCfg = AppStore|iPhone
		{9B0EBACD-59E1-424F-96AA-A9BB3DEFDE8C}.AppStore|iPhone.Build.0 = AppStore|iPhone
		{9B0EBACD-59E1-424F-96AA-A9BB3DEFDE8C}.AppStore|iPhone.Deploy.0 = AppStore|iPhone
		{9B0EBACD-59E1-424F-96AA-A9BB3DEFDE8C}.AppStore|iPhoneSimulator.ActiveCfg = AppStore|iPhoneSimulator
		{9B0EBACD-59E1-424F-96AA-A9BB3DEFDE8C}.AppStore|iPhoneSimulator.Build.0 = AppStore|iPhoneSimulator
		{9B0EBACD-59E1-424F-96AA-A9BB3DEFDE8C}.AppStore|iPhoneSimulator.Deploy.0 = AppStore|iPhoneSimulator
		{9B0EBACD-59E1-424F-96AA-A9BB3DEFDE8C}.AppStore|x64.ActiveCfg = AppStore|iPhone
		{9B0EBACD-59E1-424F-96AA-A9BB3DEFDE8C}.AppStore|x64.Build.0 = AppStore|iPhone
		{9B0EBACD-59E1-424F-96AA-A9BB3DEFDE8C}.AppStore|x64.Deploy.0 = AppStore|iPhone
		{9B0EBACD-59E1-424F-96AA-A9BB3DEFDE8C}.AppStore|x86.ActiveCfg = AppStore|iPhone
		{9B0EBACD-59E1-424F-96AA-A9BB3DEFDE8C}.AppStore|x86.Build.0 = AppStore|iPhone
		{9B0EBACD-59E1-424F-96AA-A9BB3DEFDE8C}.AppStore|x86.Deploy.0 = AppStore|iPhone
		{9B0EBACD-59E1-424F-96AA-A9BB3DEFDE8C}.Debug|Any CPU.ActiveCfg = Debug|iPhoneSimulator
		{9B0EBACD-59E1-424F-96AA-A9BB3DEFDE8C}.Debug|Any CPU.Build.0 = Debug|iPhoneSimulator
		{9B0EBACD-59E1-424F-96AA-A9BB3DEFDE8C}.Debug|Any CPU.Deploy.0 = Debug|iPhoneSimulator
		{9B0EBACD-59E1-424F-96AA-A9BB3DEFDE8C}.Debug|ARM.ActiveCfg = Debug|iPhone
		{9B0EBACD-59E1-424F-96AA-A9BB3DEFDE8C}.Debug|ARM.Build.0 = Debug|iPhone
		{9B0EBACD-59E1-424F-96AA-A9BB3DEFDE8C}.Debug|ARM.Deploy.0 = Debug|iPhone
		{9B0EBACD-59E1-424F-96AA-A9BB3DEFDE8C}.Debug|iPhone.ActiveCfg = Debug|iPhone
		{9B0EBACD-59E1-424F-96AA-A9BB3DEFDE8C}.Debug|iPhone.Build.0 = Debug|iPhone
		{9B0EBACD-59E1-424F-96AA-A9BB3DEFDE8C}.Debug|iPhone.Deploy.0 = Debug|iPhone
		{9B0EBACD-59E1-424F-96AA-A9BB3DEFDE8C}.Debug|iPhoneSimulator.ActiveCfg = Debug|iPhoneSimulator
		{9B0EBACD-59E1-424F-96AA-A9BB3DEFDE8C}.Debug|iPhoneSimulator.Build.0 = Debug|iPhoneSimulator
		{9B0EBACD-59E1-424F-96AA-A9BB3DEFDE8C}.Debug|iPhoneSimulator.Deploy.0 = Debug|iPhoneSimulator
		{9B0EBACD-59E1-424F-96AA-A9BB3DEFDE8C}.Debug|x64.ActiveCfg = Debug|iPhone
		{9B0EBACD-59E1-424F-96AA-A9BB3DEFDE8C}.Debug|x64.Build.0 = Debug|iPhone
		{9B0EBACD-59E1-424F-96AA-A9BB3DEFDE8C}.Debug|x64.Deploy.0 = Debug|iPhone
		{9B0EBACD-59E1-424F-96AA-A9BB3DEFDE8C}.Debug|x86.ActiveCfg = Debug|iPhone
		{9B0EBACD-59E1-424F-96AA-A9BB3DEFDE8C}.Debug|x86.Build.0 = Debug|iPhone
		{9B0EBACD-59E1-424F-96AA-A9BB3DEFDE8C}.Debug|x86.Deploy.0 = Debug|iPhone
		{9B0EBACD-59E1-424F-96AA-A9BB3DEFDE8C}.Release|Any CPU.ActiveCfg = Release|iPhone
		{9B0EBACD-59E1-424F-96AA-A9BB3DEFDE8C}.Release|Any CPU.Build.0 = Release|iPhone
		{9B0EBACD-59E1-424F-96AA-A9BB3DEFDE8C}.Release|Any CPU.Deploy.0 = Release|iPhone
		{9B0EBACD-59E1-424F-96AA-A9BB3DEFDE8C}.Release|ARM.ActiveCfg = Release|iPhone
		{9B0EBACD-59E1-424F-96AA-A9BB3DEFDE8C}.Release|ARM.Build.0 = Release|iPhone
		{9B0EBACD-59E1-424F-96AA-A9BB3DEFDE8C}.Release|ARM.Deploy.0 = Release|iPhone
		{9B0EBACD-59E1-424F-96AA-A9BB3DEFDE8C}.Release|iPhone.ActiveCfg = Release|iPhone
		{9B0EBACD-59E1-424F-96AA-A9BB3DEFDE8C}.Release|iPhone.Build.0 = Release|iPhone
		{9B0EBACD-59E1-424F-96AA-A9BB3DEFDE8C}.Release|iPhone.Deploy.0 = Release|iPhone
		{9B0EBACD-59E1-424F-96AA-A9BB3DEFDE8C}.Release|iPhoneSimulator.ActiveCfg = Release|iPhoneSimulator
		{9B0EBACD-59E1-424F-96AA-A9BB3DEFDE8C}.Release|iPhoneSimulator.Build.0 = Release|iPhoneSimulator
		{9B0EBACD-59E1-424F-96AA-A9BB3DEFDE8C}.Release|iPhoneSimulator.Deploy.0 = Release|iPhoneSimulator
		{9B0EBACD-59E1-424F-96AA-A9BB3DEFDE8C}.Release|x64.ActiveCfg = Release|iPhone
		{9B0EBACD-59E1-424F-96AA-A9BB3DEFDE8C}.Release|x64.Build.0 = Release|iPhone
		{9B0EBACD-59E1-424F-96AA-A9BB3DEFDE8C}.Release|x64.Deploy.0 = Release|iPhone
		{9B0EBACD-59E1-424F-96AA-A9BB3DEFDE8C}.Release|x86.ActiveCfg = Release|iPhone
		{9B0EBACD-59E1-424F-96AA-A9BB3DEFDE8C}.Release|x86.Build.0 = Release|iPhone
		{9B0EBACD-59E1-424F-96AA-A9BB3DEFDE8C}.Release|x86.Deploy.0 = Release|iPhone
		{F24F0C46-7F73-4E63-8264-90A98A530EAC}.Ad-Hoc|Any CPU.ActiveCfg = Release|x86
		{F24F0C46-7F73-4E63-8264-90A98A530EAC}.Ad-Hoc|Any CPU.Build.0 = Release|x86
		{F24F0C46-7F73-4E63-8264-90A98A530EAC}.Ad-Hoc|Any CPU.Deploy.0 = Release|x86
		{F24F0C46-7F73-4E63-8264-90A98A530EAC}.Ad-Hoc|ARM.ActiveCfg = Release|ARM
		{F24F0C46-7F73-4E63-8264-90A98A530EAC}.Ad-Hoc|ARM.Build.0 = Release|ARM
		{F24F0C46-7F73-4E63-8264-90A98A530EAC}.Ad-Hoc|ARM.Deploy.0 = Release|ARM
		{F24F0C46-7F73-4E63-8264-90A98A530EAC}.Ad-Hoc|iPhone.ActiveCfg = Release|x86
		{F24F0C46-7F73-4E63-8264-90A98A530EAC}.Ad-Hoc|iPhone.Build.0 = Release|x86
		{F24F0C46-7F73-4E63-8264-90A98A530EAC}.Ad-Hoc|iPhone.Deploy.0 = Release|x86
		{F24F0C46-7F73-4E63-8264-90A98A530EAC}.Ad-Hoc|iPhoneSimulator.ActiveCfg = Release|x86
		{F24F0C46-7F73-4E63-8264-90A98A530EAC}.Ad-Hoc|iPhoneSimulator.Build.0 = Release|x86
		{F24F0C46-7F73-4E63-8264-90A98A530EAC}.Ad-Hoc|iPhoneSimulator.Deploy.0 = Release|x86
		{F24F0C46-7F73-4E63-8264-90A98A530EAC}.Ad-Hoc|x64.ActiveCfg = Release|x64
		{F24F0C46-7F73-4E63-8264-90A98A530EAC}.Ad-Hoc|x64.Build.0 = Release|x64
		{F24F0C46-7F73-4E63-8264-90A98A530EAC}.Ad-Hoc|x64.Deploy.0 = Release|x64
		{F24F0C46-7F73-4E63-8264-90A98A530EAC}.Ad-Hoc|x86.ActiveCfg = Release|x86
		{F24F0C46-7F73-4E63-8264-90A98A530EAC}.Ad-Hoc|x86.Build.0 = Release|x86
		{F24F0C46-7F73-4E63-8264-90A98A530EAC}.Ad-Hoc|x86.Deploy.0 = Release|x86
		{F24F0C46-7F73-4E63-8264-90A98A530EAC}.AppStore|Any CPU.ActiveCfg = Release|x86
		{F24F0C46-7F73-4E63-8264-90A98A530EAC}.AppStore|Any CPU.Build.0 = Release|x86
		{F24F0C46-7F73-4E63-8264-90A98A530EAC}.AppStore|Any CPU.Deploy.0 = Release|x86
		{F24F0C46-7F73-4E63-8264-90A98A530EAC}.AppStore|ARM.ActiveCfg = Release|ARM
		{F24F0C46-7F73-4E63-8264-90A98A530EAC}.AppStore|ARM.Build.0 = Release|ARM
		{F24F0C46-7F73-4E63-8264-90A98A530EAC}.AppStore|ARM.Deploy.0 = Release|ARM
		{F24F0C46-7F73-4E63-8264-90A98A530EAC}.AppStore|iPhone.ActiveCfg = Release|x86
		{F24F0C46-7F73-4E63-8264-90A98A530EAC}.AppStore|iPhone.Build.0 = Release|x86
		{F24F0C46-7F73-4E63-8264-90A98A530EAC}.AppStore|iPhone.Deploy.0 = Release|x86
		{F24F0C46-7F73-4E63-8264-90A98A530EAC}.AppStore|iPhoneSimulator.ActiveCfg = Release|x86
		{F24F0C46-7F73-4E63-8264-90A98A530EAC}.AppStore|iPhoneSimulator.Build.0 = Release|x86
		{F24F0C46-7F73-4E63-8264-90A98A530EAC}.AppStore|iPhoneSimulator.Deploy.0 = Release|x86
		{F24F0C46-7F73-4E63-8264-90A98A530EAC}.AppStore|x64.ActiveCfg = Release|x64
		{F24F0C46-7F73-4E63-8264-90A98A530EAC}.AppStore|x64.Build.0 = Release|x64
		{F24F0C46-7F73-4E63-8264-90A98A530EAC}.AppStore|x64.Deploy.0 = Release|x64
		{F24F0C46-7F73-4E63-8264-90A98A530EAC}.AppStore|x86.ActiveCfg = Release|x86
		{F24F0C46-7F73-4E63-8264-90A98A530EAC}.AppStore|x86.Build.0 = Release|x86
		{F24F0C46-7F73-4E63-8264-90A98A530EAC}.AppStore|x86.Deploy.0 = Release|x86
		{F24F0C46-7F73-4E63-8264-90A98A530EAC}.Debug|Any CPU.ActiveCfg = Debug|x86
		{F24F0C46-7F73-4E63-8264-90A98A530EAC}.Debug|Any CPU.Build.0 = Debug|x86
		{F24F0C46-7F73-4E63-8264-90A98A530EAC}.Debug|Any CPU.Deploy.0 = Debug|x86
		{F24F0C46-7F73-4E63-8264-90A98A530EAC}.Debug|ARM.ActiveCfg = Debug|ARM
		{F24F0C46-7F73-4E63-8264-90A98A530EAC}.Debug|ARM.Build.0 = Debug|ARM
		{F24F0C46-7F73-4E63-8264-90A98A530EAC}.Debug|ARM.Deploy.0 = Debug|ARM
		{F24F0C46-7F73-4E63-8264-90A98A530EAC}.Debug|iPhone.ActiveCfg = Debug|x86
		{F24F0C46-7F73-4E63-8264-90A98A530EAC}.Debug|iPhone.Build.0 = Debug|x86
		{F24F0C46-7F73-4E63-8264-90A98A530EAC}.Debug|iPhone.Deploy.0 = Debug|x86
		{F24F0C46-7F73-4E63-8264-90A98A530EAC}.Debug|iPhoneSimulator.ActiveCfg = Debug|x86
		{F24F0C46-7F73-4E63-8264-90A98A530EAC}.Debug|iPhoneSimulator.Build.0 = Debug|x86
		{F24F0C46-7F73-4E63-8264-90A98A530EAC}.Debug|iPhoneSimulator.Deploy.0 = Debug|x86
		{F24F0C46-7F73-4E63-8264-90A98A530EAC}.Debug|x64.ActiveCfg = Debug|x64
		{F24F0C46-7F73-4E63-8264-90A98A530EAC}.Debug|x64.Build.0 = Debug|x64
		{F24F0C46-7F73-4E63-8264-90A98A530EAC}.Debug|x64.Deploy.0 = Debug|x64
		{F24F0C46-7F73-4E63-8264-90A98A530EAC}.Debug|x86.ActiveCfg = Debug|x86
		{F24F0C46-7F73-4E63-8264-90A98A530EAC}.Debug|x86.Build.0 = Debug|x86
		{F24F0C46-7F73-4E63-8264-90A98A530EAC}.Debug|x86.Deploy.0 = Debug|x86
		{F24F0C46-7F73-4E63-8264-90A98A530EAC}.Release|Any CPU.ActiveCfg = Release|x86
		{F24F0C46-7F73-4E63-8264-90A98A530EAC}.Release|Any CPU.Build.0 = Release|x86
		{F24F0C46-7F73-4E63-8264-90A98A530EAC}.Release|Any CPU.Deploy.0 = Release|x86
		{F24F0C46-7F73-4E63-8264-90A98A530EAC}.Release|ARM.ActiveCfg = Release|ARM
		{F24F0C46-7F73-4E63-8264-90A98A530EAC}.Release|ARM.Build.0 = Release|ARM
		{F24F0C46-7F73-4E63-8264-90A98A530EAC}.Release|ARM.Deploy.0 = Release|ARM
		{F24F0C46-7F73-4E63-8264-90A98A530EAC}.Release|iPhone.ActiveCfg = Release|x86
		{F24F0C46-7F73-4E63-8264-90A98A530EAC}.Release|iPhone.Build.0 = Release|x86
		{F24F0C46-7F73-4E63-8264-90A98A530EAC}.Release|iPhone.Deploy.0 = Release|x86
		{F24F0C46-7F73-4E63-8264-90A98A530EAC}.Release|iPhoneSimulator.ActiveCfg = Release|x86
		{F24F0C46-7F73-4E63-8264-90A98A530EAC}.Release|iPhoneSimulator.Build.0 = Release|x86
		{F24F0C46-7F73-4E63-8264-90A98A530EAC}.Release|iPhoneSimulator.Deploy.0 = Release|x86
		{F24F0C46-7F73-4E63-8264-90A98A530EAC}.Release|x64.ActiveCfg = Release|x64
		{F24F0C46-7F73-4E63-8264-90A98A530EAC}.Release|x64.Build.0 = Release|x64
		{F24F0C46-7F73-4E63-8264-90A98A530EAC}.Release|x64.Deploy.0 = Release|x64
		{F24F0C46-7F73-4E63-8264-90A98A530EAC}.Release|x86.ActiveCfg = Release|x86
		{F24F0C46-7F73-4E63-8264-90A98A530EAC}.Release|x86.Build.0 = Release|x86
		{F24F0C46-7F73-4E63-8264-90A98A530EAC}.Release|x86.Deploy.0 = Release|x86
	EndGlobalSection
	GlobalSection(SolutionProperties) = preSolution
		HideSolutionNode = FALSE
	EndGlobalSection
	GlobalSection(ExtensibilityGlobals) = postSolution
		SolutionGuid = {85653612-0FBC-47CD-B305-6640F9A4A1DB}
	EndGlobalSection
EndGlobal
